
Microsoft Visual Studio Solution File, Format Version 12.00
# Visual Studio Version 16
VisualStudioVersion = 16.0.34031.81
MinimumVisualStudioVersion = 10.0.40219.1
Project("{FAE04EC0-301F-11D3-BF4B-00C04F79EFBC}") = "WebBanHang", "WebBanHang\WebBanHang.csproj", "{7277C197-8E7D-4F0D-92B8-F851F173311D}"
EndProject
Global
	GlobalSection(SolutionConfigurationPlatforms) = preSolution
		Debug|Any CPU = Debug|Any CPU
		Release|Any CPU = Release|Any CPU
	EndGlobalSection
	GlobalSection(ProjectConfigurationPlatforms) = postSolution
		{7277C197-8E7D-4F0D-92B8-F851F173311D}.Debug|Any CPU.ActiveCfg = Debug|Any CPU
		{7277C197-8E7D-4F0D-92B8-F851F173311D}.Debug|Any CPU.Build.0 = Debug|Any CPU
		{7277C197-8E7D-4F0D-92B8-F851F173311D}.Release|Any CPU.ActiveCfg = Release|Any CPU
		{7277C197-8E7D-4F0D-92B8-F851F173311D}.Release|Any CPU.Build.0 = Release|Any CPU
	EndGlobalSection
	GlobalSection(SolutionProperties) = preSolution
		HideSolutionNode = FALSE
	EndGlobalSection
	GlobalSection(ExtensibilityGlobals) = postSolution
		SolutionGuid = {5C6B1547-FFFE-4EA8-9629-5153AD78DFF9}
	EndGlobalSection
EndGlobal
